version = 1
revision = 3
requires-python = ">=3.10"
resolution-markers = [
    "python_full_version >= '3.14' and platform_machine == 'ARM64' and sys_platform == 'win32'",
    "python_full_version >= '3.14' and platform_machine != 'ARM64' and sys_platform == 'win32'",
    "python_full_version >= '3.14' and sys_platform == 'emscripten'",
    "python_full_version >= '3.14' and sys_platform != 'emscripten' and sys_platform != 'win32'",
    "python_full_version >= '3.12' and python_full_version < '3.14' and platform_machine == 'ARM64' and sys_platform == 'win32'",
    "python_full_version == '3.11.*' and platform_machine == 'ARM64' and sys_platform == 'win32'",
    "python_full_version >= '3.12' and python_full_version < '3.14' and platform_machine != 'ARM64' and sys_platform == 'win32'",
    "python_full_version == '3.11.*' and platform_machine != 'ARM64' and sys_platform == 'win32'",
    "python_full_version >= '3.12' and python_full_version < '3.14' and sys_platform == 'emscripten'",
    "python_full_version == '3.11.*' and sys_platform == 'emscripten'",
    "python_full_version >= '3.12' and python_full_version < '3.14' and sys_platform != 'emscripten' and sys_platform != 'win32'",
    "python_full_version == '3.11.*' and sys_platform != 'emscripten' and sys_platform != 'win32'",
    "python_full_version < '3.11' and platform_machine == 'ARM64' and sys_platform == 'win32'",
    "(python_full_version < '3.11' and platform_machine != 'ARM64') or (python_full_version < '3.11' and sys_platform != 'win32')",
]

[[package]]
name = "affine"
version = "2.4.0"
source = { registry = "https://pypi.org/simple" }
sdist = { url = "https://files.pythonhosted.org/packages/69/98/d2f0bb06385069e799fc7d2870d9e078cfa0fa396dc8a2b81227d0da08b9/affine-2.4.0.tar.gz", hash = "sha256:a24d818d6a836c131976d22f8c27b8d3ca32d0af64c1d8d29deb7bafa4da1eea", size = 17132, upload-time = "2023-01-19T23:44:30.696Z" }
wheels = [
    { url = "https://files.pythonhosted.org/packages/0b/f7/85273299ab57117850cc0a936c64151171fac4da49bc6fba0dad984a7c5f/affine-2.4.0-py3-none-any.whl", hash = "sha256:8a3df80e2b2378aef598a83c1392efd47967afec4242021a0b06b4c7cbc61a92", size = 15662, upload-time = "2023-01-19T23:44:28.833Z" },
]

[[package]]
name = "aiobotocore"
version = "3.1.1"
source = { registry = "https://pypi.org/simple" }
dependencies = [
    { name = "aiohttp" },
    { name = "aioitertools" },
    { name = "botocore" },
    { name = "jmespath" },
    { name = "multidict" },
    { name = "python-dateutil" },
    { name = "typing-extensions", marker = "python_full_version < '3.11'" },
    { name = "wrapt" },
]
sdist = { url = "https://files.pythonhosted.org/packages/f6/bc/00ac3f44a66661fb28f2425b056d5bd202c2269a686ab0a683bb0e0516f0/aiobotocore-3.1.1.tar.gz", hash = "sha256:a19a36b930a041aa21553d67ae8a6bc464e107806eee60af3c71502f1009826c", size = 122530, upload-time = "2026-01-20T17:00:29.067Z" }
wheels = [
    { url = "https://files.pythonhosted.org/packages/67/84/d844b79acd9fe15ded60b614b7df04a12fad854ee1fbb8415d726ab1beeb/aiobotocore-3.1.1-py3-none-any.whl", hash = "sha256:a4e12a3bd099cd19dc2b2e9fe01a807131b46ebd0f83f509bda3cb243e988c32", size = 87667, upload-time = "2026-01-20T17:00:27.869Z" },
]

[[package]]
name = "aiodns"
version = "4.0.0"
source = { registry = "https://pypi.org/simple" }
dependencies = [
    { name = "pycares" },
]
sdist = { url = "https://files.pythonhosted.org/packages/10/da/97235e953109936bfeda62c1f9f1a7c5652d4dc49f2b5911f9ae1043afa9/aiodns-4.0.0.tar.gz", hash = "sha256:17be26a936ba788c849ba5fd20e0ba69d8c46e6273e846eb5430eae2630ce5b1", size = 26204, upload-time = "2026-01-10T22:33:27.211Z" }
wheels = [
    { url = "https://files.pythonhosted.org/packages/d0/60/14ac40c03e8a26216e4f2642497b776e52f9e3214e4fd537628829bbb082/aiodns-4.0.0-py3-none-any.whl", hash = "sha256:a188a75fb8b2b7862ac8f84811a231402fb74f5b4e6f10766dc8a4544b0cf989", size = 11334, upload-time = "2026-01-10T22:33:25.65Z" },
]

[[package]]
name = "aiofiles"
version = "25.1.0"
source = { registry = "https://pypi.org/simple" }
sdist = { url = "https://files.pythonhosted.org/packages/41/c3/534eac40372d8ee36ef40df62ec129bee4fdb5ad9706e58a29be53b2c970/aiofiles-25.1.0.tar.gz", hash = "sha256:a8d728f0a29de45dc521f18f07297428d56992a742f0cd2701ba86e44d23d5b2", size = 46354, upload-time = "2025-10-09T20:51:04.358Z" }
wheels = [
    { url = "https://files.pythonhosted.org/packages/bc/8a/340a1555ae33d7354dbca4faa54948d76d89a27ceef032c8c3bc661d003e/aiofiles-25.1.0-py3-none-any.whl", hash = "sha256:abe311e527c862958650f9438e859c1fa7568a141b22abcd015e120e86a85695", size = 14668, upload-time = "2025-10-09T20:51:03.174Z" },
]

[[package]]
name = "aiohappyeyeballs"
version = "2.6.1"
source = { registry = "https://pypi.org/simple" }
sdist = { url = "https://files.pythonhosted.org/packages/26/30/f84a107a9c4331c14b2b586036f40965c128aa4fee4dda5d3d51cb14ad54/aiohappyeyeballs-2.6.1.tar.gz", hash = "sha256:c3f9d0113123803ccadfdf3f0faa505bc78e6a72d1cc4806cbd719826e943558", size = 22760, upload-time = "2025-03-12T01:42:48.764Z" }
wheels = [
    { url = "https://files.pythonhosted.org/packages/0f/15/5bf3b99495fb160b63f95972b81750f18f7f4e02ad051373b669d17d44f2/aiohappyeyeballs-2.6.1-py3-none-any.whl", hash = "sha256:f349ba8f4b75cb25c99c5c2d84e997e485204d2902a9597802b0371f09331fb8", size = 15265, upload-time = "2025-03-12T01:42:47.083Z" },
]

[[package]]
name = "aiohttp"
version = "3.13.3"
source = { registry = "https://pypi.org/simple" }
dependencies = [
    { name = "aiohappyeyeballs" },
    { name = "aiosignal" },
    { name = "async-timeout", marker = "python_full_version < '3.11'" },
    { name = "attrs" },
    { name = "frozenlist" },
    { name = "multidict" },
    { name = "propcache" },
    { name = "yarl" },
]
sdist = { url = "https://files.pythonhosted.org/packages/50/42/32cf8e7704ceb4481406eb87161349abb46a57fee3f008ba9cb610968646/aiohttp-3.13.3.tar.gz", hash = "sha256:a949eee43d3782f2daae4f4a2819b2cb9b0c5d3b7f7a927067cc84dafdbb9f88", size = 7844556, upload-time = "2026-01-03T17:33:05.204Z" }
wheels = [
    { url = "https://files.pythonhosted.org/packages/36/d6/5aec9313ee6ea9c7cde8b891b69f4ff4001416867104580670a31daeba5b/aiohttp-3.13.3-cp310-cp310-macosx_10_9_universal2.whl", hash = "sha256:d5a372fd5afd301b3a89582817fdcdb6c34124787c70dbcc616f259013e7eef7", size = 738950, upload-time = "2026-01-03T17:29:13.002Z" },
    { url = "https://files.pythonhosted.org/packages/68/03/8fa90a7e6d11ff20a18837a8e2b5dd23db01aabc475aa9271c8ad33299f5/aiohttp-3.13.3-cp310-cp310-macosx_10_9_x86_64.whl", hash = "sha256:147e422fd1223005c22b4fe080f5d93ced44460f5f9c105406b753612b587821", size = 496099, upload-time = "2026-01-03T17:29:15.268Z" },
    { url = "https://files.pythonhosted.org/packages/d2/23/b81f744d402510a8366b74eb420fc0cc1170d0c43daca12d10814df85f10/aiohttp-3.13.3-cp310-cp310-macosx_11_0_arm64.whl", hash = "sha256:859bd3f2156e81dd01432f5849fc73e2243d4a487c4fd26609b1299534ee1845", size = 491072, upload-time = "2026-01-03T17:29:16.922Z" },
    { url = "https://files.pythonhosted.org/packages/d5/e1/56d1d1c0dd334cd203dd97706ce004c1aa24b34a813b0b8daf3383039706/aiohttp-3.13.3-cp310-cp310-manylinux2014_aarch64.manylinux_2_17_aarch64.manylinux_2_28_aarch64.whl", hash = "sha256:dca68018bf48c251ba17c72ed479f4dafe9dbd5a73707ad8d28a38d11f3d42af", size = 1671588, upload-time = "2026-01-03T17:29:18.539Z" },
    { url = "https://files.pythonhosted.org/packages/5f/34/8d7f962604f4bc2b4e39eb1220dac7d4e4cba91fb9ba0474b4ecd67db165/aiohttp-3.13.3-cp310-cp310-manylinux2014_armv7l.manylinux_2_17_armv7l.manylinux_2_31_armv7l.whl", hash = "sha256:fee0c6bc7db1de362252affec009707a17478a00ec69f797d23ca256e36d5940", size = 1640334, upload-time = "2026-01-03T17:29:21.028Z" },
    { url = "https://files.pythonhosted.org/packages/94/1d/fcccf2c668d87337ddeef9881537baee13c58d8f01f12ba8a24215f2b804/aiohttp-3.13.3-cp310-cp310-manylinux2014_ppc64le.manylinux_2_17_ppc64le.manylinux_2_28_ppc64le.whl", hash = "sha256:c048058117fd649334d81b4b526e94bde3ccaddb20463a815ced6ecbb7d11160", size = 1722656, upload-time = "2026-01-03T17:29:22.531Z" },
    { url = "https://files.pythonhosted.org/packages/aa/98/c6f3b081c4c606bc1e5f2ec102e87d6411c73a9ef3616fea6f2d5c98c062/aiohttp-3.13.3-cp310-cp310-manylinux2014_s390x.manylinux_2_17_s390x.manylinux_2_28_s390x.whl", hash = "sha256:215a685b6fbbfcf71dfe96e3eba7a6f58f10da1dfdf4889c7dd856abe430dca7", size = 1817625, upload-time = "2026-01-03T17:29:24.276Z" },
    { url = "https://files.pythonhosted.org/packages/2c/c0/cfcc3d2e11b477f86e1af2863f3858c8850d751ce8dc39c4058a072c9e54/aiohttp-3.13.3-cp310-cp310-manylinux2014_x86_64.manylinux_2_17_x86_64.manylinux_2_28_x86_64.whl", hash = "sha256:de2c184bb1fe2cbd2cefba613e9db29a5ab559323f994b6737e370d3da0ac455", size = 1672604, upload-time = "2026-01-03T17:29:26.099Z" },
    { url = "https://files.pythonhosted.org/packages/1e/77/6b4ffcbcac4c6a5d041343a756f34a6dd26174ae07f977a64fe028dda5b0/aiohttp-3.13.3-cp310-cp310-manylinux_2_31_riscv64.manylinux_2_39_riscv64.whl", hash = "sha256:75ca857eba4e20ce9f546cd59c7007b33906a4cd48f2ff6ccf1ccfc3b646f279", size = 1554370, upload-time = "2026-01-03T17:29:28.121Z" },
    { url = "https://files.pythonhosted.org/packages/f2/f0/e3ddfa93f17d689dbe014ba048f18e0c9f9b456033b70e94349a2e9048be/aiohttp-3.13.3-cp310-cp310-musllinux_1_2_aarch64.whl", hash = "sha256:81e97251d9298386c2b7dbeb490d3d1badbdc69107fb8c9299dd04eb39bddc0e", size = 1642023, upload-time = "2026-01-03T17:29:30.002Z" },
    { url = "https://files.pythonhosted.org/packages/eb/45/c14019c9ec60a8e243d06d601b33dcc4fd92379424bde3021725859d7f99/aiohttp-3.13.3-cp310-cp310-musllinux_1_2_armv7l.whl", hash = "sha256:c0e2d366af265797506f0283487223146af57815b388623f0357ef7eac9b209d", size = 1649680, upload-time = "2026-01-03T17:29:31.782Z" },
    { url = "https://files.pythonhosted.org/packages/9c/fd/09c9451dae5aa5c5ed756df95ff9ef549d45d4be663bafd1e4954fd836f0/aiohttp-3.13.3-cp310-cp310-musllinux_1_2_ppc64le.whl", hash = "sha256:4e239d501f73d6db1522599e14b9b321a7e3b1de66ce33d53a765d975e9f4808", size = 1692407, upload-time = "2026-01-03T17:29:33.392Z" },
    { url = "https://files.pythonhosted.org/packages/a6/81/938bc2ec33c10efd6637ccb3d22f9f3160d08e8f3aa2587a2c2d5ab578eb/aiohttp-3.13.3-cp310-cp310-musllinux_1_2_riscv64.whl", hash = "sha256:0db318f7a6f065d84cb1e02662c526294450b314a02bd9e2a8e67f0d8564ce40", size = 1543047, upload-time = "2026-01-03T17:29:34.855Z" },
    { url = "https://files.pythonhosted.org/packages/f7/23/80488ee21c8d567c83045e412e1d9b7077d27171591a4eb7822586e8c06a/aiohttp-3.13.3-cp310-cp310-musllinux_1_2_s390x.whl", hash = "sha256:bfc1cc2fe31a6026a8a88e4ecfb98d7f6b1fec150cfd708adbfd1d2f42257c29", size = 1715264, upload-time = "2026-01-03T17:29:36.389Z" },
    { url = "https://files.pythonhosted.org/packages/e2/83/259a8da6683182768200b368120ab3deff5370bed93880fb9a3a86299f34/aiohttp-3.13.3-cp310-cp310-musllinux_1_2_x86_64.whl", hash = "sha256:af71fff7bac6bb7508956696dce8f6eec2bbb045eceb40343944b1ae62b5ef11", size = 1657275, upload-time = "2026-01-03T17:29:38.162Z" },
    { url = "https://files.pythonhosted.org/packages/3f/4f/2c41f800a0b560785c10fb316216ac058c105f9be50bdc6a285de88db625/aiohttp-3.13.3-cp310-cp310-win32.whl", hash = "sha256:37da61e244d1749798c151421602884db5270faf479cf0ef03af0ff68954c9dd", size = 434053, upload-time = "2026-01-03T17:29:40.074Z" },
    { url = "https://files.pythonhosted.org/packages/80/df/29cd63c7ecfdb65ccc12f7d808cac4fa2a19544660c06c61a4a48462de0c/aiohttp-3.13.3-cp310-cp310-win_amd64.whl", hash = "sha256:7e63f210bc1b57ef699035f2b4b6d9ce096b5914414a49b0997c839b2bd2223c", size = 456687, upload-time = "2026-01-03T17:29:41.819Z" },
    { url = "https://files.pythonhosted.org/packages/f1/4c/a164164834f03924d9a29dc3acd9e7ee58f95857e0b467f6d04298594ebb/aiohttp-3.13.3-cp311-cp311-macosx_10_9_universal2.whl", hash = "sha256:5b6073099fb654e0a068ae678b10feff95c5cae95bbfcbfa7af669d361a8aa6b", size = 746051, upload-time = "2026-01-03T17:29:43.287Z" },
    { url = "https://files.pythonhosted.org/packages/82/71/d5c31390d18d4f58115037c432b7e0348c60f6f53b727cad33172144a112/aiohttp-3.13.3-cp311-cp311-macosx_10_9_x86_64.whl", hash = "sha256:1cb93e166e6c28716c8c6aeb5f99dfb6d5ccf482d29fe9bf9a794110e6d0ab64", size = 499234, upload-time = "2026-01-03T17:29:44.822Z" },
    { url = "https://files.pythonhosted.org/packages/0e/c9/741f8ac91e14b1d2e7100690425a5b2b919a87a5075406582991fb7de920/aiohttp-3.13.3-cp311-cp311-macosx_11_0_arm64.whl", hash = "sha256:28e027cf2f6b641693a09f631759b4d9ce9165099d2b5d92af9bd4e197690eea", size = 494979, upload-time = "2026-01-03T17:29:46.405Z" },
    { url = "https://files.pythonhosted.org/packages/75/b5/31d4d2e802dfd59f74ed47eba48869c1c21552c586d5e81a9d0d5c2ad640/aiohttp-3.13.3-cp311-cp311-manylinux2014_aarch64.manylinux_2_17_aarch64.manylinux_2_28_aarch64.whl", hash = "sha256:3b61b7169ababd7802f9568ed96142616a9118dd2be0d1866e920e77ec8fa92a", size = 1748297, upload-time = "2026-01-03T17:29:48.083Z" },
    { url = "https://files.pythonhosted.org/packages/1a/3e/eefad0ad42959f226bb79664826883f2687d602a9ae2941a18e0484a74d3/aiohttp-3.13.3-cp311-cp311-manylinux2014_armv7l.manylinux_2_17_armv7l.manylinux_2_31_armv7l.whl", hash = "sha256:80dd4c21b0f6237676449c6baaa1039abae86b91636b6c91a7f8e61c87f89540", size = 1707172, upload-time = "2026-01-03T17:29:49.648Z" },
    { url = "https://files.pythonhosted.org/packages/c5/3a/54a64299fac2891c346cdcf2aa6803f994a2e4beeaf2e5a09dcc54acc842/aiohttp-3.13.3-cp311-cp311-manylinux2014_ppc64le.manylinux_2_17_ppc64le.manylinux_2_28_ppc64le.whl", hash = "sha256:65d2ccb7eabee90ce0503c17716fc77226be026dcc3e65cce859a30db715025b", size = 1805405, upload-time = "2026-01-03T17:29:51.244Z" },
    { url = "https://files.pythonhosted.org/packages/6c/70/ddc1b7169cf64075e864f64595a14b147a895a868394a48f6a8031979038/aiohttp-3.13.3-cp311-cp311-manylinux2014_s390x.manylinux_2_17_s390x.manylinux_2_28_s390x.whl", hash = "sha256:5b179331a481cb5529fca8b432d8d3c7001cb217513c94cd72d668d1248688a3", size = 1899449, upload-time = "2026-01-03T17:29:53.938Z" },
    { url = "https://files.pythonhosted.org/packages/a1/7e/6815aab7d3a56610891c76ef79095677b8b5be6646aaf00f69b221765021/aiohttp-3.13.3-cp311-cp311-manylinux2014_x86_64.manylinux_2_17_x86_64.manylinux_2_28_x86_64.whl", hash = "sha256:9d4c940f02f49483b18b079d1c27ab948721852b281f8b015c058100e9421dd1", size = 1748444, upload-time = "2026-01-03T17:29:55.484Z" },
    { url = "https://files.pythonhosted.org/packages/6b/f2/073b145c4100da5511f457dc0f7558e99b2987cf72600d42b559db856fbc/aiohttp-3.13.3-cp311-cp311-manylinux_2_31_riscv64.manylinux_2_39_riscv64.whl", hash = "sha256:f9444f105664c4ce47a2a7171a2418bce5b7bae45fb610f4e2c36045d85911d3", size = 1606038, upload-time = "2026-01-03T17:29:57.179Z" },
    { url = "https://files.pythonhosted.org/packages/0a/c1/778d011920cae03ae01424ec202c513dc69243cf2db303965615b81deeea/aiohttp-3.13.3-cp311-cp311-musllinux_1_2_aÛµã‹h‘éì¶»§q«^u˜äÅ‘˜ØÁ…‘”ÍŒääåØÀÅ”Ý•ˆÕ™˜á˜Ù˜ÜàØÉÔÑ‘”ÀØÄÁˆ°Í¥é”€ô€ÈÀÄÐÈÐ°ÕÁ±½…µÑ¥µ”€ô€ˆÈÀÈÔ´ÄÀ´ÀáPÄäèÐàèÀÀ¸ØÝhˆô°4(€€€ìÕÉ°€ô€‰¡ÑÑÁÌè¼½™¥±•Ì¹ÁåÑ¡½¹¡½ÍÑ•¹½Éœ½Á…­…•Ì¼ÈÜ¼ÜÌ¼ÀÌÍØÌÀØåˆÔÝˆÀàÄÉŒá‰Äå˜ÌÄÅ™…•‰••ˆÙ‰„ÌÅˆá˜ÌÉˆÜÌÐÌÉÄÉ„ÁˆàÈØ½ÁÉ½Á…¡”´À¸Ð¸ÄµÀÌÄÐµÀÌÄÐµµÕÍ±±¥¹Õá|Å|É}……É ØÐ¹Ý¡°ˆ°¡…Í €ô€‰Í¡„ÈÔØèÀØÁˆÄÙ…”ØÕ‰ŒÀäá‘„Ý˜ÙÈÕ‰˜ÌÔå˜Å˜ÌÅ˜ØààÌàÐàÔàÈÀÑ™”ÕØÔÈäÜå”ÀÀÄÕ”Õˆˆ°Í¥é”€ô€ÄäÜÔØØ°ÕÁ±½…µÑ¥µ”€ô€ˆÈÀÈÔ´ÄÀ´ÀáPÄäèÐàèÀÈ¸ØÀÑhˆô°4(€€€ìÕÉ°€ô€‰¡ÑÑÁÌè¼½™¥±•Ì¹ÁåÑ¡½¹¡½ÍÑ•¹½Éœ½Á…­…•Ì½‘Œ¼àä½”ÈÑ˜Í‘ŒÄàÈØÌÁˆÑ”ÀÝ…„ÙÄÕ˜Á™˜ÑˆÄÑ•ÑˆääÔÕ™…”äÕ„ÁˆÔÑŒÔáØÙŒÀÔ½ÁÉ½Á…¡”´À¸Ð¸ÄµÀÌÄÐµÀÌÄÐµµÕÍ±±¥¹Õá|Å|É}…ÉµØÝ°¹Ý¡°ˆ°¡…Í €ô€‰Í¡„ÈÔØèàå•ˆÍ™„äÔÈÑ˜Ý‰•Œå‘”Ù”àÍ˜Í™…•åÜå‰™™„ÔØÀØÜÉŒÄÄá„äÙ„ÄÜÅ„Ù˜ÔÔàÌÅ”ˆ°Í¥é”€ô€ÄäÌÄÌÀ°ÕÁ±½…µÑ¥µ”€ô€ˆÈÀÈÔ´ÄÀ´ÀáPÄäèÐàèÀÐ¸Ðäåhˆô°4(€€€ìÕÉ°€ô€‰¡ÑÑÁÌè¼½™¥±•Ì¹ÁåÑ¡½¹¡½ÍÑ•¹½Éœ½Á…­…•Ì½„ä¼ÈÐ½•˜ÁÕ™Å„àÄÅ™ˆÕŒØÀäÈÜáÀÈÀåŒå˜ÄÁŒÌÕ˜ÈÀÔàÅ™ŒÄÙ˜àÄá‘„äÔå™ŒÕˆÐ½ÁÉ½Á…¡”´À¸Ð¸ÄµÀÌÄÐµÀÌÄÐµµÕÍ±±¥¹Õá|Å|É}ÁÁŒØÑ±”¹Ý¡°ˆ°¡…Í €ô€‰Í¡„ÈÔØé‘•”ØåÜÀÄÕ‘ŒÈÌÕ˜ÔÈÙ™”àÁ„åŒäÁØÕ•ˆÀÀÌäÄÀÍ™”ÔØÔÜÜØÈÔÀààÄÜÌÅ˜ÀØÌÐå˜ˆ°Í¥é”€ô€ÈÀÈØÈÔ°ÕÁ±½…µÑ¥µ”€ô€ˆÈÀÈÔ´ÄÀ´ÀáPÄäèÐàèÀØ¸ÈÄÍhˆô°4(€€€ìÕÉ°€ô€‰¡ÑÑÁÌè¼½™¥±•Ì¹ÁåÑ¡½¹¡½ÍÑ•¹½Éœ½Á…­…•Ì½˜Ô¼ÀÈ¼äá•ŒÈÁ™˜ÔÔÐÙ˜ØáØÜÍ‘˜É˜Ý„Øå”áŒÁÀÜÙˆÕ…‰ÀÕ„ààÉ‘ŒÝ•”Í„àÌØÔÍ½ÁÉ½Á…¡”´À¸Ð¸ÄµÀÌÄÐµÀÌÄÐµµÕÍ±±¥¹Õá|Å|É}ÌÌäÁà¹Ý¡°ˆ°¡…Í €ô€‰Í¡„ÈÔØèÔÔÔàääÉ„ÀÁ‘™ÔÑ‰ŒØÑ„ÌÈÜÈÙ„ÌÌÔÝ•ŒäÌàÈÕ„ÐÄá„ÐÀÅ˜ÕŒØÝ‘˜Á…ŒÕå”Ðäˆ°Í¥é”€ô€ÈÀÐÈÀä°ÕÁ±½…µÑ¥µ”€ô€ˆÈÀÈÔ´ÄÀ´ÀáPÄäèÐàèÀà¸ÐÌÉhˆô°4(€€€ìÕÉ°€ô€‰¡ÑÑÁÌè¼½™¥±•Ì¹ÁåÑ¡½¹¡½ÍÑ•¹½Éœ½Á…­…•Ì½„À¼àÜ¼ÐäÈØäÑ˜ÜØÜÔåˆÄÕ˜ÀÐØÝ„É„äÍ…ˆØáÌÈàÔäØÜÉˆØÐÙ…„á„ÀÑ”ÐàØÑ”ÜäÌÉ½ÁÉ½Á…¡”´À¸Ð¸ÄµÀÌÄÐµÀÌÄÐµµÕÍ±±¥¹Õá|Å|É}ààÙ|ØÐ¹Ý¡°ˆ°¡…Í €ô€‰Í¡„ÈÔØéŒåˆàÈÉ„ÔÜÝ˜ÔØÁ™‰äÔÔÐàÄÈÔÈØàÌÄÜÄÉŒÄÐÌÙÉŒÀÐÙ•‘•”ÑŒÌÜäÙÌÔÐÍˆÄÐÐˆ°Í¥é”€ô€ÄäÜÜäÜ°ÕÁ±½…µÑ¥µ”€ô€ˆÈÀÈÔ´ÄÀ´ÀáPÄäèÐàèÀä¸äØáhˆô°4(€€€ìÕÉ°€ô€‰¡ÑÑÁÌè¼½™¥±•Ì¹ÁåÑ¡½¹¡½ÍÑ•¹½Éœ½Á…­…•Ì½•”¼ÌØ¼ØØÌØÝ‘”ÌÔÜÕ‘ˆÅÉÍ˜ÍÄÜÜÐÌÉ‰ÄÑ•”ÔÜÝ„ÌåÍ˜ÕÅˆÍÕ‘˜á…™”ÍˆÙ”È½ÁÉ½Á…¡”´À¸Ð¸ÄµÀÌÄÐµÀÌÄÐµÝ¥¸ÌÈ¹Ý¡°ˆ°¡…Í €ô€‰Í¡„ÈÔØé…ˆÑŒÈåˆÐåÔØÁ™”ÐáˆØäÙ‘ˆÄÈÝ‘ÌÙ”Á‰ŒÈÐÜÈÔÐá˜Í‰˜ÔÙŒÕˆÍ‘„ÉˆÈäàÑ˜ˆ°Í¥é”€ô€ÌàÄÐÀ°ÕÁ±½…µÑ¥µ”€ô€ˆÈÀÈÔ´ÄÀ´ÀáPÄäèÐàèÄÄ¸ÈÌÉhˆô°4(€€€ìÕÉ°€ô€‰¡ÑÑÁÌè¼½™¥±•Ì¹ÁåÑ¡½¹¡½ÍÑ•¹½Éœ½Á…­…•Ì¼ÁŒ¼É„½„ÜÔáˆÐÝ‘”ÈÔÌØÌÙ”Åˆá…•˜ÄàÅŒÁˆÑ˜Ñ˜ÈÀÑ‰˜Á‘äØÐäÄÑ™ˆÉ…˜äÁ„äÕˆÐåˆ½ÁÉ½Á…¡”´À¸Ð¸ÄµÀÌÄÐµÀÌÄÐµÝ¥¹}…µØÐ¹Ý¡°ˆ°¡…Í €ô€‰Í¡„ÈÔØèÕ„ÄÀÍŒÍ•ˆäÀÕ™•„Á…ˆäá‰”äåŒÍ„å„Õ…ˆÉ‘”ØÀÈÈá…„Õ…••‘ŒØÄÑŒÀÈàÅ˜ØÄÔÌˆ°Í¥é”€ô€ÐÄÈÔÜ°ÕÁ±½…µÑ¥µ”€ô€ˆÈÀÈÔ´ÄÀ´ÀáPÄäèÐàèÄÈ¸ÜÀÝhˆô°4(€€€ìÕÉ°€ô€‰¡ÑÑÁÌè¼½™¥±•Ì¹ÁåÑ¡½¹¡½ÍÑ•¹½Éœ½Á…­…•Ì¼ÌÐ¼Õ”¼ØÍ‰ÔàäÙŒÍ™•ŒÄÉ•‘‰Ù˜ÄÈÔÀáÐàäÁÈÍŒÈØÕ‘˜ÈáŒÜÑˆÄÜÕ”Å•˜å˜Ñ˜Íˆ½ÁÉ½Á…¡”´À¸Ð¸ÄµÀÌÄÐµÀÌÄÐµÝ¥¹}…É´ØÐ¹Ý¡°ˆ°¡…Í €ô€‰Í¡„ÈÔØèÜÑŒÅ™ˆÈØÔÄÔÄÔÍ”ÐàÉ”ÀÀÄÜÝ„Å…ØÔÐÜÈÅ‰˜äÈÀÝ‘„á„ÐäÑ„ÁŒÀÕ”ÜäÝ…ÈÝˆääÈˆ°Í¥é”€ô€ÌàÀäÜ°ÕÁ±½…µÑ¥µ”€ô€ˆÈÀÈÔ´ÄÀ´ÀáPÄäèÐàèÄÌ¸äÈÍhˆô°4(€€€ìÕÉ°€ô€‰¡ÑÑÁÌè¼½™¥±•Ì¹ÁåÑ¡½¹¡½ÍÑ•¹½Éœ½Á…­…•Ì¼ää¼àÔ¼å™˜ÜàÕÜàÝ˜å‰‰ˆÍ˜ÌÄÀÙ˜ÜäààÑ„ÄÌÀäÔÄÐÌÙ˜ÔàÌäÈÀÀÀÈÌÅˆÑŒÜÌÝŒàÀ½ÁÉ½Á…¡”´À¸Ð¸ÄµÀÌÄÐµÀÌÄÑÐµµ…½Íá|ÄÁ|ÄÍ}Õ¹¥Ù•ÉÍ…°È¹Ý¡°ˆ°¡…Í €ô€‰Í¡„ÈÔØèàÈÑ”äÀá‰”äÁ™ˆÈÜÐÍ‰ÙˆÔå‘ˆÌÙ•ˆÑ˜ÐÕÌÔÁ„ÌäØÌÝŒå˜ÜÍˆÅŒÅ•„ØÙ˜ÕˆÜÕ˜ˆ°Í¥é”€ô€àÄÐÔÔ°ÕÁ±½…µÑ¥µ”€ô€ˆÈÀÈÔ´ÄÀ´ÀáPÄäèÐàèÄÔ¸ÄÙhˆô°4(€€€ìÕÉ°€ô€‰¡ÑÑÁÌè¼½™¥±•Ì¹ÁåÑ¡½¹¡½ÍÑ•¹½Éœ½Á…­…•Ì¼äÀ¼àÔ¼ÈÐÌÅŒÄÁŒá”Ý‘‘ˆÄÐÐÕŒÅ˜ÝŒÑˆÔÑààÙ”á…ÈÁ”ÍŒØÌÀÝ”ÜÈÄá˜ÀÔäÈÉ…ØÜ½ÁÉ½Á…¡”´À¸Ð¸ÄµÀÌÄÐµÀÌÄÑÐµµ…½Íá|ÄÁ|ÄÍ}ààÙ|ØÐ¹Ý¡°ˆ°¡…Í €ô€‰Í¡„ÈÔØéŒÉˆÕ”Ý‘ˆÔÌÈàÐÈÝŒÔÝŒá”ààÌÅ…‰‘„ÄÜÔÐÈÅˆÜÀäØÜÉ˜Ù™ŒÍØÌÁŒÍˆÝ”ÈÄÐØÌäÌˆ°Í¥é”€ô€ÐØÌÜÈ°ÕÁ±½…µÑ¥µ”€ô€ˆÈÀÈÔ´ÄÀ´ÀáPÄäèÐàèÄØ¸ÐÈÑhˆô°4(€€€ìÕÉ°€ô€‰¡ÑÑÁÌè¼½™¥±•Ì¹ÁåÑ¡½¹¡½ÍÑ•¹½Éœ½Á…­…•Ì¼ÀÄ¼ÈÀ½ˆÀäÜÉäÀÈÐÜÉ‘„å‰ˆØàÍ™„ÔäÔÀäääÄÅ˜ÑÉ”àÙ”ÔØàÍ‰ŒÐÕ‘”ØÁ‘ÀÕ‘ŒÌ½ÁÉ½Á…¡”´À¸Ð¸ÄµÀÌÄÐµÀÌÄÑÐµµ…½Íá|ÄÅ|Á}…É´ØÐ¹Ý¡°ˆ°¡…Í €ô€‰Í¡„ÈÔØèÙ˜Ù™˜àÜÍ•ÐÀÈäÉÐäØå•˜ÔÌÄÀÄÜå…™Õ‘ˆÔå™‘˜ÀÔÔàäÝ”ÈàÈÐàÔÀÐÍ™ŒàÁ…Àˆ°Í¥é”€ô€ÐàÐÄÄ°ÕÁ±½…µÑ¥µ”€ô€ˆÈÀÈÔ´ÄÀ´ÀáPÄäèÐàèÄÜ¸ÔÜÝhˆô°4(€€€ìÕÉ°€ô€‰¡ÑÑÁÌè¼½™¥±•Ì¹ÁåÑ¡½¹¡½ÍÑ•¹½Éœ½Á…­…•Ì½”È½”Ì¼Ý‘Œàå˜Ñ˜ÈÅ”á˜äå‰…ÍÕ‘‘ˆÍ„ÌÌàå…™˜å‘„Ñ…ŒØå”Í‘•ˆÉ‘‘ŒäÙ”ÜÐÄØä½ÁÉ½Á…¡”´À¸Ð¸ÄµÀÌÄÐµÀÌÄÑÐµµ…¹å±¥¹ÕàÈÀÄÑ}……É ØÐ¹µ…¹å±¥¹Õá|É|ÄÝ}……É ØÐ¹µ…¹å±¥¹Õá|É|Èá}……É ØÐ¹Ý¡°ˆ°¡…Í €ô€‰Í¡„ÈÔØèÐå„É‘ŒØÝŒÄÔÑ‘ˆÉŒÄÐØÌÀÄÌÔäÑŒÐÔàààÅ„ÀØå™˜äàäÐÁ”ØÅ„ÀÔØäÀÄÙ„ÔàÌÀÈÁ„ˆ°Í¥é”€ô€ÈÜÔÜÄÈ°ÕÁ±½…µÑ¥µ”€ô€ˆÈÀÈÔ´ÄÀ´ÀáPÄäèÐàèÄà¸äÀÅhˆô°4(€€€ìÕÉ°€ô€‰¡ÑÑÁÌè¼½™¥±•Ì¹ÁåÑ¡½¹¡½ÍÑ•¹½Éœ½Á…­…•Ì¼ÈÀ¼ØÜ¼àäàÀÁŒàÌÔÈÐàåˆÈÅ„àÀÐÝŒÜÜÌÀØÜØÐÑ”ÌàäÝ˜ÀÉ•‰‰ØÄÁ˜ÑÐÙˆÝ˜ÀàØÄÈ½ÁÉ½Á…¡”´À¸Ð¸ÄµÀÌÄÐµÀÌÄÑÐµµ…¹å±¥¹ÕàÈÀÄÑ}ÁÁŒØÑ±”¹µ…¹å±¥¹Õá|É|ÄÝ}ÁÁŒØÑ±”¹µ…¹å±¥¹Õá|É|Èá}ÁÁŒØÑ±”¹Ý¡°ˆ°¡…Í €ô€‰Í¡„ÈÔØèÀÀÕ˜Àá”Ù„ÀÔÈääàÐÐäÅ”ÌÝá‘‰ŒÍ‘àÙ˜àÑ‰Üá„á•ˆÕ™„å„ÀÈÅ˜ÑŒÐáÐäàÑ‰”ˆ°Í¥é”€ô€ÈÜÌÔÔÜ°ÕÁ±½…µÑ¥µ”€ô€ˆÈÀÈÔ´ÄÀ´ÀáPÄäèÐàèÈÀ¸ÜØÉhˆô°4(€€€ìÕÉ°€ô€‰¡ÑÑÁÌè¼½™¥±•Ì¹ÁåÑ¡½¹¡½ÍÑ•¹½Éœ½Á…­…•Ì½”È½„Ä½ˆÔÉˆÀÔÕŒÜØÙ„ÔÑ”ÙåŒÄÙå…„Á…àÀÔå…äØÌÝ‘˜á…„ÀÈÈÉ˜Ñ„ÀÈÙ•˜½ÁÉ½Á…¡”´À¸Ð¸ÄµÀÌÄÐµÀÌÄÑÐµµ…¹å±¥¹ÕàÈÀÄÑ}ÌÌäÁà¹µ…¹å±¥¹Õá|É|ÄÝ}ÌÌäÁà¹µ…¹å±¥¹Õá|É|Èá}ÌÌäÁà¹Ý¡°ˆ°¡…Í €ô€‰Í¡„ÈÔØèÕŒÌÌÄÀÐÔÉ”ÁÌÄÌäÁ‘„äÀÌÕŒÌÐàØÌÍˆÐÍÝ”Ý™•ˆÉ”ÌÝ‰”ÈÔÉ‰”Ù‘„ÐÕ…‰Å…‰Œˆ°Í¥é”€ô€ÈàÀÀÄÔ°ÕÁ±½…µÑ¥µ”€ô€ˆÈÀÈÔ´ÄÀ´ÀáPÄäèÐàèÈÈ¸ÔäÉhˆô°4(€€€ìÕÉ°€ô€‰¡ÑÑÁÌè¼½™¥±•Ì¹ÁåÑ¡½¹¡½ÍÑ•¹½Éœ½Á…­…•Ì¼Ðà½Œà¼ÌÍ•”ÌÁ‰àäÀØÜÉŒØÌÜÐÌÀÐå˜ÍŒå”Ñ‰”ÀàÝ”ØÜàÀäÀÙ‰™ŒÍ•ŒÔàÔÈá‰”ÔåŒÄ½ÁÉ½Á…¡”´À¸Ð¸ÄµÀÌÄÐµÀÌÄÑÐµµ…¹å±¥¹ÕàÈÀÄÑ}ààÙ|ØÐ¹µ…¹å±¥¹Õá|É|ÄÝ}ààÙ|ØÐ¹µ…¹å±¥¹Õá|É|Èá}ààÙ|ØÐ¹Ý¡°ˆ°¡…Í €ô€‰Í¡„ÈÔØèÑŒÍŒÜÀØÌÀäÌÀÐÐÝ˜å•˜Å……ŒÜÜÈáŒá…ÅŒÔÙ‰ŒÔÀÄÔÌÌáˆÈÁ™•ÁÀá•„ÈÐàÁˆÍ„ˆ°Í¥é”€ô€ÈØÈààÀ°ÕÁ±½…µÑ¥µ”€ô€ˆÈÀÈÔ´ÄÀ´ÀáPÄäèÐàèÈÌ¸äÐÝhˆô°4(€€€ìÕÉ°€ô€‰¡ÑÑÁÌè¼½™¥±•Ì¹ÁåÑ¡½¹¡½ÍÑ•¹½Éœ½Á…­…•Ì¼ÁŒ½ˆÄ¼á˜Àá„ÄÐÍˆÈÀÑˆÐÄàÈàÕŒàáˆàÍÀÁ•‘‰ØÅ…™‰ŒÉŒØÐÄÕ™™…™ŒàäÀÕ‘„ÜÀÌáˆ½ÁÉ½Á…¡”´À¸Ð¸ÄµÀÌÄÐµÀÌÄÑÐµµÕÍ±±¥¹Õá|Å|É}……É ØÐ¹Ý¡°ˆ°¡…Í €ô€‰Í¡„ÈÔØèá”ÔÜÀØÄÌÀÔàÄÕ‘™ŒäÄÁ„ÌØÌÑ‘˜ÔàÑ˜ÀàÄØá„ààÌÙ”ØääääàÌÔØå˜ÔÅ„àÔÐÑàäˆ°Í¥é”€ô€ÈØÀäÌà°ÕÁ±½…µÑ¥µ”€ô€ˆÈÀÈÔ´ÄÀ´ÀáPÄäèÐàèÈÔ¸ØÔÙhˆô°4(€€€ìÕÉ°€ô€‰¡ÑÑÁÌè¼½™¥±•Ì¹ÁåÑ¡½¹¡½ÍÑ•¹½Éœ½Á…­…•Ì½˜¼ÄÈ¼äÙ”ÐØØÑŒàÉ„É˜ÌÅ”ÅŒá‘™˜àÙ…™ˆàØÜÌÐàäÜå•ˆÜáÍˆàÔÐÙ„ØàÀÈàÝ„Å”ä½ÁÉ½Á…¡”´À¸Ð¸ÄµÀÌÄÐµÀÌÄÑÐµµÕÍ±±¥¹Õá|Å|É}…ÉµØÝ°¹Ý¡°ˆ°¡…Í €ô€‰Í¡„ÈÔØèÔÈÅ„ÐØÌÐÈå•˜ÔÐÄÐÌÀäÉŒÄÅ„ÜÝ”ÀÐÀÔÙ‘ÀÀØÌÙ˜ÜÉ”áŒÐÕˆÜÁ……„ÌÄÐÁØÌäÜÈØˆ°Í¥é”€ô€ÈÐÜØÐÄ°ÕÁ±½…µÑ¥µ”€ô€ˆÈÀÈÔ´ÄÀ´ÀáPÄäèÐàèÈÜ¸ÈÀÝhˆô°4(€€€ìÕÉ°€ô€‰¡ÑÑÁÌè¼½™¥±•Ì¹ÁåÑ¡½¹¡½ÍÑ•¹½Éœ½Á…­…•Ì¼Äà½•½”Ý„å™„ÈàÄÌÌÌàÙ‰„ÔÈÈÜàÄÌÙÐÈÈÀåÌÄÈÕ‘ˆÀáÁ„ØÌäÕ˜Á‰„ÁŒÀÈàÕŒ½ÁÉ½Á…¡”´À¸Ð¸ÄµÀÌÄÐµÀÌÄÑÐµµÕÍ±±¥¹Õá|Å|É}ÁÁŒØÑ±”¹Ý¡°ˆ°¡…Í €ô€‰Í¡„ÈÔØèÄÈÁŒäØÑ‘„Í™‘ŒÜÕ”ÌÜÌÅ…„ÌäÈÔÈÜÄÌÙÑ…ÌÔàØáŒÔÔÙ™Àå‰ˆÙÀäÄÜÉå„ÌØÜˆ°Í¥é”€ô€ÈØÈÔÄÀ°ÕÁ±½…µÑ¥µ”€ô€ˆÈÀÈÔ´ÄÀ´ÀáPÄäèÐàèÈà¸ØÕhˆô°4(€€€ìÕÉ°€ô€‰¡ÑÑÁÌè¼½™¥±•Ì¹ÁåÑ¡½¹¡½ÍÑ•¹½Éœ½Á…­…•Ì½˜Ô¼ÜØ¼ÄÙá‰˜ØÕ”ààÐÕ‘ØÉˆÑ”ÉˆÔÜÐÐÑ…ˆàÅ˜ÀÝ˜ÐÁ…„ÔØÔÉˆàäØåˆàÝ‘‘˜É•˜Ø½ÁÉ½Á…¡”´À¸Ð¸ÄµÀÌÄÐµÀÌÄÑÐµµÕÍ±±¥¹Õá|Å|É}ÌÌäÁà¹Ý¡°ˆ°¡…Í €ô€‰Í¡„ÈÔØéá˜ÌÔÍ•ˆÄÑ•”ÌÐÐÅ•”àÐÑ…‘”ÐÈÜÝÔØÁ‘ØàÈàààÌàØÜÌÈÜÍˆäÜá”ÍÙÉŒá˜ÌØˆ°Í¥é”€ô€ÈØÌÄØÄ°ÕÁ±½…µÑ¥µ”€ô€ˆÈÀÈÔ´ÄÀ´ÀáPÄäèÐàèÌÀ¸ÄÌÍhˆô°4(€€€ìÕÉ°€ô€‰¡ÑÑÁÌè¼½™¥±•Ì¹ÁåÑ¡½¹¡½ÍÑ•¹½Éœ½Á…­…•Ì½”Ü¼ÜÀ½Œäå”å•‘ˆÕäÅÕ…á„Ðå™„ÍŒÅ”àÈàÕ‰„ØÑ˜ÄÐÜØÜàÉ™•ÄÁ…ˆÈÔÅ™˜ÐÄÍ‰„Ä½ÁÉ½Á…¡”´À¸Ð¸ÄµÀÌÄÐµÀÌÄÑÐµµÕÍ±±¥¹Õá|Å|É}ààÙ|ØÐ¹Ý¡°ˆ°¡…Í €ô€‰Í¡„ÈÔØé…ˆÈäÐÍ‰”ÝŒØÔÉ˜ÀäØÌààÀÀäÀÕ•”Å‰…ˆÉŒÔÐÑ”ÔÌÝ•‘ˆÔÝÔÈÜääÝ„ÈÑŒÄÍ‘ŒÄÐÔÔˆ°Í¥é”€ô€ÈÔÜÌäÌ°ÕÁ±½…µÑ¥µ”€ô€ˆÈÀÈÔ´ÄÀ´ÀáPÄäèÐàèÌÄ¸ÔØÝhˆô°4(€€€ìÕÉ°€ô€‰¡ÑÑÁÌè¼½™¥±•Ì¹ÁåÑ¡½¹¡½ÍÑ•¹½Éœ½Á…­…•Ì¼Àà¼ÀÈ¼àÝˆÈÔÌÀÐÈÐå„ÌÕŒÀäÄÕÈÌØÔÜÕ‰ŒÌÔÜÑ„ÌÈÍ˜ØÁˆÐÜäÌå„ÈÈØÉˆÜÜØÌÉ„Í•”½ÁÉ½Á…¡”´À¸Ð¸ÄµÀÌÄÐµÀÌÄÑÐµÝ¥¸ÌÈ¹Ý¡°ˆ°¡…Í €ô€‰Í¡„ÈÔØèÀÔØÜÑ„ÄØÈÐØå˜ÌÄÌÔáŒÌÁ‰…„àààÍˆÜàÈå™„ÌÄÄÁ‰˜åŒÀääÅ™”ÈÝÜàäÙŒÐÉàÔˆ°Í¥é”€ô€ÐÈÔÐØ°ÕÁ±½…µÑ¥µ”€ô€ˆÈÀÈÔ´ÄÀ´ÀáPÄäèÐàèÌÈ¸àÜÉhˆô°4(€€€ìÕÉ°€ô€‰¡ÑÑÁÌè¼½™¥±•Ì¹ÁåÑ¡½¹¡½ÍÑ•¹½Éœ½Á…­…•Ì½ˆ½•˜¼ÍŒÙ•˜áˆÌÄÝ…„äàÉ˜ÌÀäàÌÕ”á˜äØäàÜÐØØÄÈÍŒÙ”ÔäØØÐÙÑ”Ù„Å‘™ÀàÁ˜½ÁÉ½Á…¡”´À¸Ð¸ÄµÀÌÄÐµÀÌÄÑÐµÝ¥¹}…µØÐ¹Ý¡°ˆ°¡…Í €ô€‰Í¡„ÈÔØèääÁ˜ÙˆÍ”É„ÈÝØàÍˆÜØÀÉ•ÙŒàÙ˜ÄÕ•”ÙˆÐÍˆÄÄäÐÜÌÙ˜å‰……•ˆäÍÀÀÄØØÌÍˆÄˆ°Í¥é”€ô€ÐØÈÔä°ÕÁ±½…µÑ¥µ”€ô€ˆÈÀÈÔ´ÄÀ´ÀáPÄäèÐàèÌÐ¸ÈÈÙhˆô°4(€€€ìÕÉ°€ô€‰¡ÑÑÁÌè¼½™¥±•Ì¹ÁåÑ¡½¹¡½ÍÑ•¹½Éœ½Á…­…•Ì½ŒÐ¼É¼ÌÐÙ”äÐÙÐäÔÅ˜ÌÝ•„Å”Ñ˜ÔÕ‰”Á˜ÀÄÜÑŒÔÉÜÀÜÈÁ˜àÐÀÈåˆÀÉ˜ÈäÙ˜Ñ„Ìà½ÁÉ½Á…¡”´À¸Ð¸ÄµÀÌÄÐµÀÌÄÑÐµÝ¥¹}…É´ØÐ¹Ý¡°ˆ°¡…Í €ô€‰Í¡„ÈÔØé••˜ÈÌÐÍ…˜ÑŒØá”ÀÔÄÌÅ”ÐÔÀÈÑ‰„ÌÑ˜ØÀäÔàÈÄäàá„åÁ„ÀÉ…„ÝŒÜÍ™ŒÐÐá…„äˆ°Í¥é”€ô€ÐÀÐÈà°ÕÁ±½…µÑ¥µ”€ô€ˆÈÀÈÔ´ÄÀ´ÀáPÄäèÐàèÌÔ¸ÐÐÅhˆô°4(€€€ìÕÉ°€ô€‰¡ÑÑÁÌè¼½™¥±•Ì¹ÁåÑ¡½¹¡½ÍÑ•¹½Éœ½Á…­…•Ì¼Õˆ¼Õ„½‰ŒÝˆÑ„Ñ•˜àÀá™„Ôå„àÄÙŒÄÝˆÈÁŒÑ‰•˜ØààÑ‘…•‰‰‘˜ØÈÝ™˜É„ÄØÅ‘„ØÝ‘„Ää½ÁÉ½Á…¡”´À¸Ð¸ÄµÁäÌµ¹½¹”µ…¹ä¹Ý¡°ˆ°¡…Í €ô€‰Í¡„ÈÔØé…˜É„ØÀÔÉ…•ˆÙ˜ÄÝÍ”ÐÙ•”ÄØäÀääÀÐÑ™àÈÈÑ‰…˜ÜÕŒÜÙ„É•˜ÔäÙ”àÄØÍ”ÈÈÌÜˆ°Í¥é”€ô€ÄÌÌÀÔ°ÕÁ±½…µÑ¥µ”€ô€ˆÈÀÈÔ´ÄÀ´ÀáPÄäèÐäèÀÀ¸ÜäÉhˆô°4)t4(4)mmÁ…­…•ut4)¹…µ”€ô€‰ÁÍÕÑ¥°ˆ4)Ù•ÉÍ¥½¸€ô€ˆÜ¸È¸Èˆ4)Í½ÕÉ”€ôìÉ•¥ÍÑÉä€ô€‰¡ÑÑÁÌè¼½ÁåÁ¤¹½Éœ½Í¥µÁ±”ˆô4)Í‘¥ÍÐ€ôìÕÉ°€ô€‰¡ÑÑÁÌè¼½™¥±•Ì¹ÁåÑ¡½¹¡½ÍÑ•¹½Éœ½Á…­…•Ì½…„½ŒØ½Å‘‘˜Ñ…‰ˆÔÕ”äÍ•‰ŒÑ˜É•áˆÕÙ‘‰…ÄÀå•ˆáØÌÜÐá‘ÉˆÈÁ…ˆÕ”ÔÝ•‰”½ÁÍÕÑ¥°´Ü¸È¸È¹Ñ…È¹èˆ°¡…Í €ô€‰Í¡„ÈÔØèÀÜÐÙ˜Õ˜áÐÀÙ…˜ÌÐÑ™ÔÐÝ˜ÅŒá‘…„Õ˜ÕŒÌÍ‘‰ŒÈäÍ‰ˆáÙ„ÄÙàÁˆÑ‰ˆàá˜ÔäÌÜÈˆ°Í¥é”€ô€ÐäÌÜÐÀ°ÕÁ±½…µÑ¥µ”€ô€ˆÈÀÈØ´ÀÄ´ÈáPÄàèÄÐèÔÐ¸ÐÈáhˆô4)Ý¡••±Ì€ôl4(€€€ìÕÉ°€ô€‰¡ÑÑÁÌè¼½™¥±•Ì¹ÁåÑ¡½¹¡½ÍÑ•¹½Éœ½Á…­…•Ì¼ÔÄ¼Àà¼ÔÄÁ‰‘ˆØåŒÈÕ„äÙ˜Ñ…”ÔÈÍ˜ÜÌÍ‘ŒäØÍ…”ØÔÐäÀÑ”á‘ˆàØÑŒÀÜÔàÕ•˜ääàÜÔ½ÁÍÕÑ¥°´Ü¸È¸ÈµÀÌÄÌµÀÌÄÍÐµµ…½Íá|ÄÁ|ÄÍ}ààÙ|ØÐ¹Ý¡°ˆ°¡…Í €ô€‰Í¡„ÈÔØèÉ•‘ŒÐÌÍ‰™„ÀÐÙˆäàÁˆÁ‘˜ÀÄÜÅÈÕ‰…•ˆÍ„Øá™”äÀÈÉ‘ˆÀäÜå”Ý…„ÜÑ„àÈÙˆˆ°Í¥é”€ô€ÄÌÀÔäÔ°ÕÁ±½…µÑ¥µ”€ô€ˆÈÀÈØ´ÀÄ´ÈáPÄàèÄÐèÔÜ¸ÈäÍhˆô°4(€€€ìÕÉ°€ô€‰¡ÑÑÁÌè¼½™¥±•Ì¹ÁåÑ¡½¹¡½ÍÑ•¹½Éœ½Á…­…•Ì½Ø½˜Ô¼äÝ‰…•„Í™”Ý„Õ„å…˜ÜÐÌØÌÀÅ˜àÔÐäÀäÀÔÌÜåˆÅŒÙ˜É‘ÔÅ™”Í•˜ÈÑˆÑŒÕ™‰˜½ÁÍÕÑ¥°´Ü¸È¸ÈµÀÌÄÌµÀÌÄÍÐµµ…½Íá|ÄÅ|Á}…É´ØÐ¹Ý¡°ˆ°¡…Í €ô€‰Í¡„ÈÔØé”ÜáŒàØÀÍ‘å„ÀÑŒÜÌØÑ˜Å„Í”ØÜÁ•„äÕÔÅ•”àØÕ”Ñ•™ˆÌÔÔÙ„Í„ØÍ…‘•˜äÔá•„ˆ°Í¥é”€ô€ÄÌÄÀàÈ°ÕÁ±½…µÑ¥µ”€ô€ˆÈÀÈØ´ÀÄ´ÈáPÄàèÄÐèÔä¸ÜÌÉhˆô°4(€€€ìÕÉ°€ô€‰¡ÑÑÁÌè¼½™¥±•Ì¹ÁåÑ¡½¹¡½ÍÑ•¹½Éœ½Á…­…•Ì¼ÌÜ½Ø¼ÈÐØÔÄÍ™‰˜å™„ÄÜÑ…˜ÔÌÅ˜ÈàÐÄÈÈäÝ‘ÀÔÈÐÅäÝ„ÜÔäÄÅ…Œá™•‰•™„Å„ÔÍŒØ½ÁÍÕÑ¥°´Ü¸È¸ÈµÀÌÄÌµÀÌÄÍÐµµ…¹å±¥¹ÕàÈÀÄÁ}ààÙ|ØÐ¹µ…¹å±¥¹Õá|É|ÄÉ}ààÙ|ØÐ¹µ…¹å±¥¹Õá|É|Èá}ààÙ|ØÐ¹Ý¡°ˆ°¡…Í €ô€‰Í¡„ÈÔØèÅ„ÔÜÅ˜ÈÌÌÁŒäØÙŒØÉ…•‘„ÀÁ‘ÈÐØÈÀÐÈÕÑˆÁŒàØààÅŒàäàØÅ™‰ŒÀÐÔÐå”Õ‘ŒØÌˆ°Í¥é”€ô€ÄàÄÐÜØ°ÕÁ±½…µÑ¥µ”€ô€ˆÈÀÈØ´ÀÄ´ÈáPÄàèÄÔèÀÄ¸ààÑhˆô°4(€€€ìÕÉ°€ô€‰¡ÑÑÁÌè¼½™¥±•Ì¹ÁåÑ¡½¹¡½ÍÑ•¹½Éœ½Á…­…•Ì½ˆà½ˆÔ¼äÄàÉŒå…˜ÌàÌÙ„ØÄØäÙ‘…‰”Ñ™ÄÌÀÑ”ÄÝ‰ŒÔÙˆØÉ˜ÄÜÐÌå”ÄÄÔÑ˜ÈÈÕ‘Ì½ÁÍÕÑ¥°´Ü¸È¸ÈµÀÌÄÌµÀÌÄÍÐµµ…¹å±¥¹ÕàÈÀÄÑ}……É ØÐ¹µ…¹å±¥¹Õá|É|ÄÝ}……É ØÐ¹µ…¹å±¥¹Õá|É|Èá}……É ØÐ¹Ý¡°ˆ°¡…Í €ô€‰Í¡„ÈÔØèäÄÝ”àäÄäàÍ„ÍŒÄààÝˆÑ•˜ÌØÐÐÝˆÅ”ÀàÜÍ”ÜÁŒäÌÍ…™ŒàÌÅŒÙˆÙ‘„ÀÜá‰„ÐÜÐÌÄÈˆ°Í¥é”€ô€ÄàÐÀØÈ°ÕÁ±½…µÑ¥µ”€ô€ˆÈÀÈØ´ÀÄ´ÈáPÄàèÄÔèÀÐ¸ÐÌÙhˆô°4(€€€ìÕÉ°€ô€‰¡ÑÑÁÌè¼½™¥±•Ì¹ÁåÑ¡½¹¡½ÍÑ•¹½Éœ½Á…­…•Ì¼ÄØ½‰„¼ÀÜÔÙ‘„ØØå˜Õ„äÌÀÁÁ‰‰™…”å„ÑŒÌÁ”ÐÐÙ‘™ŒÜÐÐÁ™™”ÐÍ‘•ÔÜÈÑ‰™äÌ½ÁÍÕÑ¥°´Ü¸È¸ÈµÀÌÄÌµÀÌÄÍÐµÝ¥¹}…µØÐ¹Ý¡°ˆ°¡…Í €ô€‰Í¡„ÈÔØé…ˆÐàØÔØÍ‘˜ÐÑŒÄÝ˜ÔÄÜÌØÈÅŒÝˆÄäàäÔÕ‰ÙˆØÄÍ™ˆàÝŒÜÅŒÄØÅ˜àÈÝÍ™ˆÄÐå„åˆˆ°Í¥é”€ô€ÄÌäàäÌ°ÕÁ±½…µÑ¥µ”€ô€ˆÈÀÈØ´ÀÄ´ÈáPÄàèÄÔèÀØ¸ÌÜáhˆô°4(€€€ìÕÉ°€ô€‰¡ÑÑÁÌè¼½™¥±•Ì¹ÁåÑ¡½¹¡½ÍÑ•¹½Éœ½Á…­…•Ì¼ÅŒ¼ØÄ¼á™„Á”ÈÙ˜ÌÌØÈÍˆÐääÐäÌÐÙ‘”ÀÕ•ŒÅ‘‘……ÀÉ•á‰„ØÑ…˜ÐÕ˜ÐÁ„ÄÐÝ‘‰™„äÜ½ÁÍÕÑ¥°´Ü¸È¸ÈµÀÌÄÌµÀÌÄÍÐµÝ¥¹}…É´ØÐ¹Ý¡°ˆ°¡…Í €ô€‰Í¡„ÈÔØé…”Á…•™‘àÜäÙ„ÜÜÌÝ••„àØÍ˜àÁ˜àÅ”ÐØá„Å”Ñ˜ÄÑäÈÙ‰åˆÙ˜Õ˜ÉÕ˜äÁ„äˆ°Í¥é”€ô€ÄÌÔÔàä°ÕÁ±½…µÑ¥µ”€ô€ˆÈÀÈØ´ÀÄ´ÈáPÄàèÄÔèÀà¸ÀÍhˆô°4(€€€ìÕÉ°€ô€‰¡ÑÑÁÌè¼½™¥±•Ì¹ÁåÑ¡½¹¡½ÍÑ•¹½Éœ½Á…­…•Ì¼àÄ¼Øä½•˜ÄÜå…ˆÕ„ÈÑ˜ÌÉ…ŒÅ‘…ŒÁŒÈÐÝ™Ù„ÄÍˆÔÀÅ™ÔÔÌÑ‘‰…”Á”ÀÕ„ÅŒÐáˆØÙ½ÁÍÕÑ¥°´Ü¸È¸ÈµÀÌÄÐµÀÌÄÑÐµµ…½Íá|ÄÁ|ÄÕ}ààÙ|ØÐ¹Ý¡°ˆ°¡…Í €ô€‰Í¡„ÈÔØé••ØÍÍˆÑØÈÐÐäÔÜÄÔÐÝˆØÀÔÜáŒÕˆÉŒÑ‰ŒÔÌàÜÄÐá‘ˆÐÙ”ÁŒÈÌÄÍ‘…Á•”ÀÀˆ°Í¥é”€ô€ÄÌÀØØÐ°ÕÁ±½…µÑ¥µ”€ô€ˆÈÀÈØ´ÀÄ´ÈáPÄàèÄÔèÀä¸ÐØåhˆô°4(€€€ìÕÉ°€ô€‰¡ÑÑÁÌè¼½™¥±•Ì¹ÁåÑ¡½¹¡½ÍÑ•¹½Éœ½Á…­…•Ì¼Ýˆ¼ØÐ¼ØØÔÈÐáˆÔÔÝ„ÈÌÙÍ™„å•™ŒÌÜáØÁäÕ•˜ÔÙ‘Á„ÐäÁŒÉÌÝ‘…™ŒÜØØÁÑ„ä½ÁÍÕÑ¥°´Ü¸È¸ÈµÀÌÄÐµÀÌÄÑÐµµ…½Íá|ÄÅ|Á}…É´ØÐ¹Ý¡°ˆ°¡…Í €ô€‰Í¡„ÈÔØèÝˆÙÀäÐÌÍ„ÄÀÔäÉ”ÌåˆÄÍÝ‰”Õ„ÔÑ™‰…ŒÅÄÈÈá•Èå…‰ŒààÁ™ˆÈÍ‘˜ÝˆØäÑŒäˆ°Í¥é”€ô€ÄÌÄÀàÜ°ÕÁ±½…µÑ¥µ”€ô€ˆÈÀÈØ´ÀÄ´ÈáPÄàèÄÔèÄÄ¸ÜÈÑhˆô°4(€€€ìÕÉ°€ô€‰¡ÑÑÁÌè¼½™¥±•Ì¹ÁåÑ¡½¹¡½ÍÑ•¹½Éœ½Á…­…•Ì½Ô¼É”½”ØÜàÈÜÐÐÜÀÁØÜÔå•‰”ÌÀÐÍ‘™„ØØÅ™ˆØÅ”É™ˆÜÔÉˆäÅ‘•…”å…˜ÄÉŒÈÄÜà½ÁÍÕÑ¥°´Ü¸È¸ÈµÀÌÄÐµÀÌÄÑÐµµ…¹å±¥¹ÕàÈÀÄÁ}ààÙ|ØÐ¹µ…¹å±¥¹Õá|É|ÄÉ}ààÙ|ØÐ¹µ…¹å±¥¹Õá|É|Èá}ààÙ|ØÐ¹Ý¡°ˆ°¡…Í €ô€‰Í¡„ÈÔØèÅ™„Ñ•˜àÍ‰‘˜Ù”ÙŒá˜ÐÐÐå…™˜äá••™ˆÕÀØÀÑ‰˜àáˆààÍÝ‘„ÍáÉäÀäÔÐÙ„ˆ°Í¥é”€ô€ÄàÈÌàÌ°ÕÁ±½…µÑ¥µ”€ô€ˆÈÀÈØ´ÀÄ´ÈáPÄàèÄÔèÄÌ¸ÐÐÕhˆô°4(€€€ìÕÉ°€ô€‰¡ÑÑÁÌè¼½™¥±•Ì¹ÁåÑ¡½¹¡½ÍÑ•¹½Éœ½Á…­…•Ì¼ÔÜ¼Ðä¼Á„ÐÅ•™ÄÁˆÜÔÀÕ‘ŒÀÑ‘…ˆÍ•…˜ÈÑŒÁŒÉˆÄÔá„ääáˆáŒÝˆÅÈÝ•”ÉŒÅ˜Ô½ÁÍÕÑ¥°´Ü¸È¸ÈµÀÌÄÐµÀÌÄÑÐµµ…¹å±¥¹ÕàÈÀÄÑ}……É ØÐ¹µ…¹å±¥¹Õá|É|ÄÝ}……É ØÐ¹µ…¹å±¥¹Õá|É|Èá}……É ØÐ¹Ý¡°ˆ°¡…Í €ô€‰Í¡„ÈÔØé”ÐÔÉŒÐØÑ„ÀÉ”Ý‘ŒÜàÈÉ„ÀÕÈÕ‘ˆÑ‘”ÔØÐÐÐÑ„ØÝ”ÔàÔÌå„ÀÁ˜äÈåŒÔÅ•‘‘‘„Á˜ˆ°Í¥é”€ô€ÄàÔÈÄÀ°ÕÁ±½…µÑ¥µ”€ô€ˆÈÀÈØ´ÀÄ´ÈáPÄàèÄÔèÄØ¸ÀÀÉhˆô°4(€€€ìÕÉ°€ô€‰¡ÑÑÁÌè¼½™¥±•Ì¹ÁåÑ¡½¹¡½ÍÑ•¹½Éœ½Á…­…•Ì½‘¼ÉŒ½™˜å‰™ˆÔÐÑ˜ÈàÍ‰„Õ˜àÍ‰„ÜÈÕ„ÍŒÕ™•ŒÙÙˆÄÁˆá˜ÈÝ…ŒÅ‘ŒØÐÅŒÐÜÍ‘ŒÌäÁ½ÁÍÕÑ¥°´Ü¸È¸ÈµÀÌÄÐµÀÌÄÑÐµÝ¥¹}…µØÐ¹Ý¡°ˆ°¡…Í €ô€‰Í¡„ÈÔØéŒÜØØÍÑ”ÌÝ˜ÄÍ”ààÑÄÌääÐÈÐÜÐÐå”å˜á˜ÔÜÑ‰ŒÐØÔÕÔÀåŒÍˆäÕ”å•Œå”Éˆå‘ŒÄˆ°Í¥é”€ô€ÄÐÄÈÈà°ÕÁ±½…µÑ¥µ”€ô€ˆÈÀÈØ´ÀÄ´ÈáPÄàèÄÔèÄà¸ÌàÕhˆô°4(€€€ìÕÉ°€ô€‰¡ÑÑÁÌè¼½™¥±•Ì¹ÁåÑ¡½¹¡½ÍÑ•¹½Éœ½Á…­…•Ì½˜È½™Œ½˜áåŒÌÅ‘ˆÄÑ™•ŒÄÌÜÐáÌÜÍ”ØØá‰ŒÍ‰•äÑäÀÜÝ‘‰ŒÄÝ™ˆÁ••‰ŒÀÜÌÈÌÍŒ½ÁÍÕÑ¥°´Ü¸È¸ÈµÀÌÄÐµÀÌÄÑÐµÝ¥¹}…É´ØÐ¹Ý¡°ˆ°¡…Í €ô€‰Í¡„ÈÔØèÄÅ™”Õ„Ñ˜ØÄÌÜÔäÜØÑ”ÜåŒØÕ˜ÄÅ•‰‘˜ÈÙ”ÌÍÙ‘ÌÐÌÌÙ˜á„ÌÌÝ…„ÈääÙÜÅŒàÐÄˆ°Í¥é”€ô€ÄÌØÈàÐ°ÕÁ±½…µÑ¥µ”€ô€ˆÈÀÈØ´ÀÄ´ÈáPÄàèÄÔèÄä¸äÄÉhˆô°4(€€€ìÕÉ°€ô€‰¡ÑÑÁÌè¼½™¥±•Ì¹ÁåÑ¡½¹¡½ÍÑ•¹½Éœ½Á…­…•Ì½”Ü¼ÌØ¼Õ•”Ù”ÀÕŒå‰ÐÈÜÈÌÝˆÄÅˆÌäÌÝ…àÉ‰ˆá…ÈÜÔÉÜÉŒØäØäÌÄÐÔäÁ‘ÁŒÉ˜Ù”½ÁÍÕÑ¥°´Ü¸È¸ÈµÀÌØµ…‰¤Ìµµ…½Íá|ÄÁ|å}ààÙ|ØÐ¹Ý¡°ˆ°¡…Í €ô€‰Í¡„ÈÔØé•Á…”äÌäÄÄÑ˜ØÈÜÌáàÀá™‘•ÑŒàØäÈÈÈÔÀÝ”ÈØÙ”ÔÜÐÜäå”åŒÁ™…„ÄÝÐàØˆ°Í¥é”€ô€ÄÈäÀäÀ°ÕÁ±½…µÑ¥µ”€ô€ˆÈÀÈØ´ÀÄ´ÈáPÄàèÄÔèÈÈ¸ÄØáhˆô°4(€€€ìÕÉ°€ô€‰¡ÑÑÁÌè¼½™¥±•Ì¹ÁåÑ¡½¹¡½ÍÑ•¹½Éœ½Á…­…•Ì¼àÀ½ŒÐ½˜Õ…˜ÑŒÅ„áŒÅ••ˆÉ”äÉ„ÄÑ”á•™™‘••ŒØÔÅÕ…ˆØÀÔÍŒÔàåˆÀÜÑ•‘„Ù”Ä½ÁÍÕÑ¥°´Ü¸È¸ÈµÀÌØµ…‰¤Ìµµ…½Íá|ÄÅ|Á}…É´ØÐ¹Ý¡°ˆ°¡…Í €ô€‰Í¡„ÈÔØèÅ„ÝˆÀÑŒÄÁ˜ÌÉŒàá…ˆÌå‰˜ØÀÙ”ÄÄÝ™ÜÐÜÈÅŒàÌÅŒäá„ÈÝ‘ŒÀÐÔÜá‘•ˆÁŒÄØäÜäˆ°Í¥é”€ô€ÄÈäàÔä°ÕÁ±½…µÑ¥µ”€ô€ˆÈÀÈØ´ÀÄ´ÈáPÄàèÄÔèÈÌ¸ÜäÕhˆô°4(€€€ìÕÉ°€ô€‰¡ÑÑÁÌè¼½™¥±•Ì¹ÁåÑ¡½¹¡½ÍÑ•¹½Éœ½Á…­…•Ì½ˆÔ¼ÜÀ¼Õá‘˜ÍˆÀå”ÈÕ‰”ÀäÀÌäå˜Ðá”ÐÔÉÈÕŒäÌÕ…ˆÜÉ‘…ÄäÐÀÙŒÜÝ˜Ñ”àÈàÀÐÔ½ÁÍÕÑ¥°´Ü¸È¸ÈµÀÌØµ…‰¤Ìµµ…¹å±¥¹ÕàÈÀÄÁ}ààÙ|ØÐ¹µ…¹å±¥¹Õá|É|ÄÉ}ààÙ|ØÐ¹µ…¹å±¥¹Õá|É|Èá}ààÙ|ØÐ¹Ý¡°ˆ°¡…Í €ô€‰Í¡„ÈÔØèÀÜÙ„ÉÉ˜äÈÍ™ÐàÈÄØÐÑ˜Õ‰„àå˜ÀÔäÔÈÍ‘„äÁ‘ŒäÀÄÑ”àÕ˜á”ÐÕ„ÔÜÜÑ„Õ‰ŒÙ˜äˆ°Í¥é”€ô€ÄÔÔÔØÀ°ÕÁ±½…µÑ¥µ”€ô€ˆÈÀÈØ´ÀÄ´ÈáPÄàèÄÔèÈÔ¸äÜÙhˆô°4(€€€ìÕÉ°€ô€‰¡ÑÑÁÌè¼½™¥±•Ì¹ÁåÑ¡½¹¡½ÍÑ•¹½Éœ½Á…­…•Ì¼ØÌ¼ØÔ¼ÌÜØÐáŒÁŒÄÔá‘ŒÈÈÉ…‰„ÔÅŒÀàå•ˆÍ‰‘™„ÈÌá”ØÈÄØÜÑ‘ŒÐÉÐàÜÀÙ”ØÌäÈÀÑ˜½ÁÍÕÑ¥°´Ü¸È¸ÈµÀÌØµ…‰¤Ìµµ…¹å±¥¹ÕàÈÀÄÑ}……É ØÐ¹µ…¹å±¥¹Õá|É|ÄÝ}……É ØÐ¹µ…¹å±¥¹Õá|É|Èá}……É ØÐ¹Ý¡°ˆ°¡…Í €ô€‰Í¡„ÈÔØéˆÀÜÈÙ•àÑ˜äÐÜÐÐÄåØÜÈÔÉ…‘Ñ…ŒÁäàÄÅˆÀÑØÄÄÈÌÀÔÑˆå™ˆÙ˜ÔÝ‘˜Ù”å”ˆ°Í¥é”€ô€ÄÔØääÜ°ÕÁ±½…µÑ¥µ”€ô€ˆÈÀÈØ´ÀÄ´ÈáPÄàèÄÔèÈÜ¸ÜäÑhˆô°4(€€€ìÕÉ°€ô€‰¡ÑÑÁÌè¼½™¥±•Ì¹ÁåÑ¡½¹¡½ÍÑ•¹½Éœ½Á…­…•Ì¼á”¼ÄÌ¼ÄÈÔÀäÍ•…‘…”àØÍ”ÀÍŒÙ™™‘‰…”ääÈäÐÌÁÄÄÙ„ÈÐÙ•˜ØäàØÙ‘…äÑ‘„Í‰™‰Œ½ÁÍÕÑ¥°´Ü¸È¸ÈµÀÌØµ…‰¤ÌµµÕÍ±±¥¹Õá|Å|É}……É ØÐ¹Ý¡°ˆ°¡…Í €ô€‰Í¡„ÈÔØé™ÀÑ•˜ÌÙˆÑ„ÙÔäå‰‰‘ˆÈÈÕ‘ÅÍ˜ÔÅ”ÀÀÄÀÕ˜ÙÐá„Èá˜ÀÀÙ‘„Ý˜äàÈÉ˜ÈØÀÙàˆ°Í¥é”€ô€ÄÐàäÜÈ°ÕÁ±½…µÑ¥µ”€ô€ˆÈÀÈØ´ÀÄ´ÈáPÄàèÄÔèÈä¸ÌÐÉhˆô°4(€€€ìÕÉ°€ô€‰¡ÑÑÁÌè¼½™¥±•Ì¹ÁåÑ¡½¹¡½ÍÑ•¹½Éœ½Á…­…•Ì¼ÀÐ¼Üà¼Á…ÌÝ„àÑ”Í‘‘™™…„äÉ•˜Á˜ÔÜÅ”ÀÜÍ™…„Ùá™˜Å˜ÀÔÔå…ˆÄÈÜÈÄàá•„É‰”½ÁÍÕÑ¥°´Ü¸È¸ÈµÀÌØµ…‰¤ÌµµÕÍ±±¥¹Õá|Å|É}ààÙ|ØÐ¹Ý¡°ˆ°¡…Í €ô€‰Í¡„ÈÔØéˆÔá™…‰”ÌÕ”àÁˆÈØÑ„Ñ”Í‰ˆÈÍ”ÙˆäÙ˜å”ÐÕ„Í‘˜Ý™ˆÝ••ÐÄå…ŒÁ”ÔäÐÝŒØÅ”ÐÝŒˆ°Í¥é”€ô€ÄÐàÈØØ°ÕÁ±½…µÑ¥µ”€ô€ˆÈÀÈØ´ÀÄ´ÈáPÄàèÄÔèÌÄ¸ÔäÝhˆô°4(€€€ìÕÉ°€ô€‰¡ÑÑÁÌè¼½™¥±•Ì¹ÁåÑ¡½¹¡½ÍÑ•¹½Éœ½Á…­…•Ì½ˆÐ¼äÀ½”ÈÄÔäÐäÉˆÔÐÈÙ‰”ÁŒÅ™•˜Ý…‰„àÀÝ„ÀÌÔÄÅ˜äÝŒÕ˜àÙˆÍ…•‘„Ù…äÈÌÔÅ„Ü½ÁÍÕÑ¥°´Ü¸È¸ÈµÀÌÜµ…‰¤ÌµÝ¥¹}…µØÐ¹Ý¡°ˆ°¡…Í €ô€‰Í¡„ÈÔØé•ˆÝ”àÄÐÌÑŒáÈÈÍ•ŒÑ„ÈÄåˆÕ™ŒÅŒÐÝÀÐÄÝˆÄÉ‰”Ý•„àØÙ”ÈÑ™ˆÕ…Ù”àÑˆÍäààˆ°Í¥é”€ô€ÄÌÜÜÌÜ°ÕÁ±½…µÑ¥µ”€ô€ˆÈÀÈØ´ÀÄ´ÈáPÄàèÄÔèÌÌ¸àÐåhˆô°4(€€€ìÕÉ°€ô€‰¡ÑÑÁÌè¼½™¥±•Ì¹ÁåÑ¡½¹¡½ÍÑ•¹½Éœ½Á…­…•Ì¼áŒ½ŒÜ¼Ý‰ˆÉ”ÌÈÄÔÜÑˆÄÁ‘˜ÈÁ‰‘”ÐØÉ„äÑ”ÉˆÜÅÀÕ˜å‰‰‘„ÈÔÅ•˜ÈÝÄÀÐØØàÌÀÙ„½ÁÍÕÑ¥°´Ü¸È¸ÈµÀÌÜµ…‰¤ÌµÝ¥¹}…É´ØÐ¹Ý¡°ˆ°¡…Í €ô€‰Í¡„ÈÔØèáŒÈÌÌØØÁ˜ÔÜÕ„Õ„àå”ÙÑˆØÕå˜äÌàÄÈØÌÄÉ‰„ÜÙá™”ÀàÝˆäÐÝˆÍ„Å………Œå•”ˆ°Í¥é”€ô€ÄÌÐØÄÜ°ÕÁ±½…µÑ¥µ”€ô€ˆÈÀÈØ´ÀÄ´ÈáPÄàèÄÔèÌØ¸ÔÄÑhˆô°4)t4(4)mmÁ…­…•ut4)¹…µ”€ô€‰ÁÑåÁÉ½•ÍÌˆ4)Ù•ÉÍ¥½¸€ô€ˆÀ¸Ü¸Àˆ4)Í½ÕÉ”€ôìÉ•¥ÍÑÉä€ô€‰¡ÑÑÁÌè¼½ÁåÁ¤¹½Éœ½Í¥µÁ±”ˆô4)Í‘¥ÍÐ€ôìÕÉ°€ô€‰¡ÑÑÁÌè¼½™¥±•Ì¹ÁåÑ¡½¹¡½ÍÑ•¹½Éœ½Á…­…•Ì¼ÈÀ½”Ô¼ÄÙ™˜ÈÄÉŒÅ”ÐÔÈÈÌÕ„äÁ…•ˆÀäÀØØÄÐÑÁŒÕ„Ù„áŒÀàÌÐÌäÝ”ÀÍ˜ÔÈÈÐÐäÕŒÑ”½ÁÑåÁÉ½•ÍÌ´À¸Ü¸À¹Ñ…È¹èˆ°¡…Í €ô€‰Í¡„ÈÔØèÕŒÕÁ„ÍˆÐá••”ÁˆÐàÐàÕ”ÁŒÈØÀÌÝŒÁ…ÝÈäÜØÕ„Í™‰ˆÕ